{
  "version": 4,
  "terraform_version": "1.1.8",
  "serial": 1,
  "lineage": "c2ae4a87-db88-afa5-5089-34510bd27f70",
  "outputs": {},
  "resources": [
    {
      "mode": "managed",
      "type": "okta_group",
      "name": "Terraform",
      "provider": "provider[\"registry.terraform.io/okta/okta\"]",
      "instances": [
        {
          "schema_version": 0,
          "attributes": {
            "custom_profile_attributes": "{}",
            "description": "My terraform Group",
            "id": "00g1722wnwb3plDNt0h8",
            "name": "terraform_test",
            "skip_users": false,
            "users": null
          },
          "sensitive_attributes": [],
          "private": "bnVsbA=="
        }
      ]
    }
  ]
}
